
Microsoft Visual Studio Solution File, Format Version 12.00
# Visual Studio Version 17
VisualStudioVersion = 17.12.35527.113
MinimumVisualStudioVersion = 10.0.40219.1
Project("{FAE04EC0-301F-11D3-BF4B-00C04F79EFBC}") = "PtusService", "PtusService\PtusService.csproj", "{42CB5C85-D8E1-E125-BAF4-29AB0DAAB3D8}"
EndProject
Project("{FAE04EC0-301F-11D3-BF4B-00C04F79EFBC}") = "PtusClient", "PtusClient\PtusClient.csproj", "{C538E9BA-BB9E-46DB-1629-28FE8EB8F64B}"
EndProject
Global
	GlobalSection(SolutionConfigurationPlatforms) = preSolution
		Debug|Any CPU = Debug|Any CPU
		Release|Any CPU = Release|Any CPU
	EndGlobalSection
	GlobalSection(ProjectConfigurationPlatforms) = postSolution
		{42CB5C85-D8E1-E125-BAF4-29AB0DAAB3D8}.Debug|Any CPU.ActiveCfg = Debug|Any CPU
		{42CB5C85-D8E1-E125-BAF4-29AB0DAAB3D8}.Debug|Any CPU.Build.0 = Debug|Any CPU
		{42CB5C85-D8E1-E125-BAF4-29AB0DAAB3D8}.Release|Any CPU.ActiveCfg = Release|Any CPU
		{42CB5C85-D8E1-E125-BAF4-29AB0DAAB3D8}.Release|Any CPU.Build.0 = Release|Any CPU
		{C538E9BA-BB9E-46DB-1629-28FE8EB8F64B}.Debug|Any CPU.ActiveCfg = Debug|Any CPU
		{C538E9BA-BB9E-46DB-1629-28FE8EB8F64B}.Debug|Any CPU.Build.0 = Debug|Any CPU
		{C538E9BA-BB9E-46DB-1629-28FE8EB8F64B}.Release|Any CPU.ActiveCfg = Release|Any CPU
		{C538E9BA-BB9E-46DB-1629-28FE8EB8F64B}.Release|Any CPU.Build.0 = Release|Any CPU
	EndGlobalSection
	GlobalSection(SolutionProperties) = preSolution
		HideSolutionNode = FALSE
	EndGlobalSection
EndGlobal
